// !$*UTF8*$!
{
	archiveVersion = 1;
	classes = {
	};
	objectVersion = 48;
	objects = {

/* Begin PBXBuildFile section */
		FB642EA4202C78440093E463 /* ItemManagerTests.swift in Sources */ = {isa = PBXBuildFile; fileRef = FB642EA3202C78440093E463 /* ItemManagerTests.swift */; };
		FB642EA6202C78740093E463 /* ItemManager.swift in Sources */ = {isa = PBXBuildFile; fileRef = FB642EA5202C78740093E463 /* ItemManager.swift */; };
		FB9C0E012028E3B20055F3A4 /* AppDelegate.swift in Sources */ = {isa = PBXBuildFile; fileRef = FB9C0E002028E3B20055F3A4 /* AppDelegate.swift */; };
		FB9C0E032028E3B20055F3A4 /* ViewController.swift in Sources */ = {isa = PBXBuildFile; fileRef = FB9C0E022028E3B20055F3A4 /* ViewController.swift */; };
		FB9C0E062028E3B20055F3A4 /* Main.storyboard in Resources */ = {isa = PBXBuildFile; fileRef = FB9C0E042028E3B20055F3A4 /* Main.storyboard */; };
		FB9C0E082028E3B20055F3A4 /* Assets.xcassets in Resources */ = {isa = PBXBuildFile; fileRef = FB9C0E072028E3B20055F3A4 /* Assets.xcassets */; };
		FB9C0E0B2028E3B20055F3A4 /* LaunchScreen.storyboard in Resources */ = {isa = PBXBuildFile; fileRef = FB9C0E092028E3B20055F3A4 /* LaunchScreen.storyboard */; };
		FB9C0E212028EE410055F3A4 /* ToDoItemTests.swift in Sources */ = {isa = PBXBuildFile; fileRef = FB9C0E202028EE410055F3A4 /* ToDoItemTests.swift */; };
		FB9C0E232028EECC0055F3A4 /* ToDoItem.swift in Sources */ = {isa = PBXBuildFile; fileRef = FB9C0E222028EECC0055F3A4 /* ToDoItem.swift */; };
		FBE9E7DA202C741B0057DF8E /* Location.swift in Sources */ = {isa = PBXBuildFile; fileRef = FBE9E7D9202C741B0057DF8E /* Location.swift */; };
		FBE9E7DE202C757F0057DF8E /* LocationTests.swift in Sources */ = {isa = PBXBuildFile; fileRef = FBE9E7DD202C757F0057DF8E /* LocationTests.swift */; };
/* End PBXBuildFile section */

/* Begin PBXContainerItemProxy section */
		FB9C0E122028E3B20055F3A4 /* PBXContainerItemProxy */ = {
			isa = PBXContainerItemProxy;
			containerPortal = FB9C0DF52028E3B20055F3A4 /* Project object */;
			proxyType = 1;
			remoteGlobalIDString = FB9C0DFC2028E3B20055F3A4;
			remoteInfo = ToDo;
		};
/* End PBXContainerItemProxy section */

/* Begin PBXFileReference section */
		FB642EA3202C78440093E463 /* ItemManagerTests.swift */ = {isa = PBXFileReference; lastKnownFileType = sourcecode.swift; path = ItemManagerTests.swift; sourceTree = "<group>"; };
		FB642EA5202C78740093E463 /* ItemManager.swift */ = {isa = PBXFileReference; lastKnownFileType = sourcecode.swift; path = ItemManager.swift; sourceTree = "<group>"; };
		FB9C0DFD2028E3B20055F3A4 /* ToDo.app */ = {isa = PBXFileReference; explicitFileType = wrapper.application; includeInIndex = 0; path = ToDo.app; sourceTree = BUILT_PRODUCTS_DIR; };
		FB9C0E002028E3B20055F3A4 /* AppDelegate.swift */ = {isa = PBXFileReference; lastKnownFileType = sourcecode.swift; path = AppDelegate.swift; sourceTree = "<group>"; };
		FB9C0E022028E3B20055F3A4 /* ViewController.swift */ = {isa = PBXFileReference; lastKnownFileType = sourcecode.swift; path = ViewController.swift; sourceTree = "<group>"; };
		FB9C0E052028E3B20055F3A4 /* Base */ = {isa = PBXFileReference; lastKnownFileType = file.storyboard; name = Base; path = Base.lproj/Main.storyboard; sourceTree = "<group>"; };
		FB9C0E072028E3B20055F3A4 /* Assets.xcassets */ = {isa = PBXFileReference; lastKnownFileType = folder.assetcatalog; path = Assets.xcassets; sourceTree = "<group>"; };
		FB9C0E0A2028E3B20055F3A4 /* Base */ = {isa = PBXFileReference; lastKnownFileType = file.storyboard; name = Base; path = Base.lproj/LaunchScreen.storyboard; sourceTree = "<group>"; };
		FB9C0E0C2028E3B20055F3A4 /* Info.plist */ = {isa = PBXFileReference; lastKnownFileType = text.plist.xml; path = Info.plist; sourceTree = "<group>"; };
		FB9C0E112028E3B20055F3A4 /* ToDoTests.xctest */ = {isa = PBXFileReference; explicitFileType = wrapper.cfbundle; includeInIndex = 0; path = ToDoTests.xctest; sourceTree = BUILT_PRODUCTS_DIR; };
		FB9C0E172028E3B20055F3A4 /* Info.plist */ = {isa = PBXFileReference; lastKnownFileType = text.plist.xml; path = Info.plist; sourceTree = "<group>"; };
		FB9C0E202028EE410055F3A4 /* ToDoItemTests.swift */ = {isa = PBXFileReference; lastKnownFileType = sourcecode.swift; path = ToDoItemTests.swift; sourceTree = "<group>"; };
		FB9C0E222028EECC0055F3A4 /* ToDoItem.swift */ = {isa = PBXFileReference; lastKnownFileType = sourcecode.swift; path = ToDoItem.swift; sourceTree = "<group>"; };
		FBE9E7D9202C741B0057DF8E /* Location.swift */ = {isa = PBXFileReference; lastKnownFileType = sourcecode.swift; path = Location.swift; sourceTree = "<group>"; };
		FBE9E7DD202C757F0057DF8E /* LocationTests.swift */ = {isa = PBXFileReference; lastKnownFileType = sourcecode.swift; path = LocationTests.swift; sourceTree = "<group>"; };
/* End PBXFileReference section */

/* Begin PBXFrameworksBuildPhase section */
		FB9C0DFA2028E3B20055F3A4 /* Frameworks */ = {
			isa = PBXFrameworksBuildPhase;
			buildActionMask = 2147483647;
			files = (
			);
			runOnlyForDeploymentPostprocessing = 0;
		};
		FB9C0E0E2028E3B20055F3A4 /* Frameworks */ = {
			isa = PBXFrameworksBuildPhase;
			buildActionMask = 2147483647;
			files = (
			);
			runOnlyForDeploymentPostprocessing = 0;
		};
/* End PBXFrameworksBuildPhase section */

/* Begin PBXGroup section */
		FB9C0DF42028E3B20055F3A4 = {
			isa = PBXGroup;
			children = (
				FB9C0DFF2028E3B20055F3A4 /* ToDo */,
				FB9C0E142028E3B20055F3A4 /* ToDoTests */,
				FB9C0DFE2028E3B20055F3A4 /* Products */,
			);
			sourceTree = "<group>";
		};
		FB9C0DFE2028E3B20055F3A4 /* Products */ = {
			isa = PBXGroup;
			children = (
				FB9C0DFD2028E3B20055F3A4 /* ToDo.app */,
				FB9C0E112028E3B20055F3A4 /* ToDoTests.xctest */,
			);
			name = Products;
			sourceTree = "<group>";
		};
		FB9C0DFF2028E3B20055F3A4 /* ToDo */ = {
			isa = PBXGroup;
			children = (
				FB9C0E222028EECC0055F3A4 /* ToDoItem.swift */,
				FBE9E7D9202C741B0057DF8E /* Location.swift */,
				FB9C0E002028E3B20055F3A4 /* AppDelegate.swift */,
				FB9C0E022028E3B20055F3A4 /* ViewController.swift */,
				FB9C0E042028E3B20055F3A4 /* Main.storyboard */,
				FB9C0E072028E3B20055F3A4 /* Assets.xcassets */,
				FB9C0E092028E3B20055F3A4 /* LaunchScreen.storyboard */,
				FB9C0E0C2028E3B20055F3A4 /* Info.plist */,
				FB642EA5202C78740093E463 /* ItemManager.swift */,
			);
			path = ToDo;
			sourceTree = "<group>";
		};
		FB9C0E142028E3B20055F3A4 /* ToDoTests */ = {
			isa = PBXGroup;
			children = (
				FB9C0E202028EE410055F3A4 /* ToDoItemTests.swift */,
				FBE9E7DD202C757F0057DF8E /* LocationTests.swift */,
				FB642EA3202C78440093E463 /* ItemManagerTests.swift */,
				FB9C0E172028E3B20055F3A4 /* Info.plist */,
			);
			path = ToDoTests;
			sourceTree = "<group>";
		};
/* End PBXGroup section */

/* Begin PBXNativeTarget section */
		FB9C0DFC2028E3B20055F3A4 /* ToDo */ = {
			isa = PBXNativeTarget;
			buildConfigurationList = FB9C0E1A2028E3B20055F3A4 /* Build configuration list for PBXNativeTarget "ToDo" */;
			buildPhases = (
				FB9C0DF92028E3B20055F3A4 /* Sources */,
				FB9C0DFA2028E3B20055F3A4 /* Frameworks */,
				FB9C0DFB2028E3B20055F3A4 /* Resources */,
			);
			buildRules = (
			);
			dependencies = (
			);
			name = ToDo;
			productName = ToDo;
			productReference = FB9C0DFD2028E3B20055F3A4 /* ToDo.app */;
			productType = "com.apple.product-type.application";
		};
		FB9C0E102028E3B20055F3A4 /* ToDoTests */ = {
			isa = PBXNativeTarget;
			buildConfigurationList = FB9C0E1D2028E3B20055F3A4 /* Build configuration list for PBXNativeTarget "ToDoTests" */;
			buildPhases = (
				FB9C0E0D2028E3B20055F3A4 /* Sources */,
				FB9C0E0E2028E3B20055F3A4 /* Frameworks */,
				FB9C0E0F2028E3B20055F3A4 /* Resources */,
			);
			buildRules = (
			);
			dependencies = (
				FB9C0E132028E3B20055F3A4 /* PBXTargetDependency */,
			);
			name = ToDoTests;
			productName = ToDoTests;
			productReference = FB9C0E112028E3B20055F3A4 /* ToDoTests.xctest */;
			productType = "com.apple.product-type.bundle.unit-test";
		};
/* End PBXNativeTarget section */

/* Begin PBXProject section */
		FB9C0DF52028E3B20055F3A4 /* Project object */ = {
			isa = PBXProject;
			attributes = {
				LastSwiftUpdateCheck = 0920;
				LastUpgradeCheck = 0920;
				ORGANIZATIONNAME = "Michael Myles";
				TargetAttributes = {
					FB9C0DFC2028E3B20055F3A4 = {
						CreatedOnToolsVersion = 9.2;
						ProvisioningStyle = Automatic;
					};
					FB9C0E102028E3B20055F3A4 = {
						CreatedOnToolsVersion = 9.2;
						ProvisioningStyle = Automatic;
						TestTargetID = FB9C0DFC2028E3B20055F3A4;
					};
				};
			};
			buildConfigurationList = FB9C0DF82028E3B20055F3A4 /* Build configuration list for PBXProject "ToDo" */;
			compatibilityVersion = "Xcode 8.0";
			developmentRegion = en;
			hasScannedForEncodings = 0;
			knownRegions = (
				en,
				Base,
			);
			mainGroup = FB9C0DF42028E3B20055F3A4;
			productRefGroup = FB9C0DFE2028E3B20055F3A4 /* Products */;
			projectDirPath = "";
			projectRoot = "";
			targets = (
				FB9C0DFC2028E3B20055F3A4 /* ToDo */,
				FB9C0E102028E3B20055F3A4 /* ToDoTests */,
			);
		};
/* End PBXProject section */

/* Begin PBXResourcesBuildPhase section */
		FB9C0DFB2028E3B20055F3A4 /* Resources */ = {
			isa = PBXResourcesBuildPhase;
			buildActionMask = 2147483647;
			files = (
				FB9C0E0B2028E3B20055F3A4 /* LaunchScreen.storyboard in Resources */,
				FB9C0E082028E3B20055F3A4 /* Assets.xcassets in Resources */,
				FB9C0E062028E3B20055F3A4 /* Main.storyboard in Resources */,
			);
			runOnlyForDeploymentPostprocessing = 0;
		};
		FB9C0E0F2028E3B20055F3A4 /* Resources */ = {
			isa = PBXResourcesBuildPhase;
			buildActionMask = 2147483647;
			files = (
			);
			runOnlyForDeploymentPostprocessing = 0;
		};
/* End PBXResourcesBuildPhase section */

/* Begin PBXSourcesBuildPhase section */
		FB9C0DF92028E3B20055F3A4 /* Sources */ = {
			isa = PBXSourcesBuildPhase;
			buildActionMask = 2147483647;
			files = (
				FB9C0E032028E3B20055F3A4 /* ViewController.swift in Sources */,
				FB642EA6202C78740093E463 /* ItemManager.swift in Sources */,
				FB9C0E012028E3B20055F3A4 /* AppDelegate.swift in Sources */,
				FBE9E7DA202C741B0057DF8E /* Location.swift in Sources */,
				FB9C0E232028EECC0055F3A4 /* ToDoItem.swift in Sources */,
			);
			runOnlyForDeploymentPostprocessing = 0;
		};
		FB9C0E0D2028E3B20055F3A4 /* Sources */ = {
			isa = PBXSourcesBuildPhase;
			buildActionMask = 2147483647;
			files = (
				FB642EA4202C78440093E463 /* ItemManagerTests.swift in Sources */,
				FBE9E7DE202C757F0057DF8E /* LocationTests.swift in Sources */,
				FB9C0E212028EE410055F3A4 /* ToDoItemTests.swift in Sources */,
			);
			runOnlyForDeploymentPostprocessing = 0;
		};
/* End PBXSourcesBuildPhase section */

/* Begin PBXTargetDependency section */
		FB9C0E132028E3B20055F3A4 /* PBXTargetDependency */ = {
			isa = PBXTargetDependency;
			target = FB9C0DFC2028E3B20055F3A4 /* ToDo */;
			targetProxy = FB9C0E122028E3B20055F3A4 /* PBXContainerItemProxy */;
		};
/* End PBXTargetDependency section */

/* Begin PBXVariantGroup section */
		FB9C0E042028E3B20055F3A4 /* Main.storyboard */ = {
			isa = PBXVariantGroup;
			children = (
				FB9C0E052028E3B20055F3A4 /* Base */,
			);
			name = Main.storyboard;
			sourceTree = "<group>";
		};
		FB9C0E092028E3B20055F3A4 /* LaunchScreen.storyboard */ = {
			isa = PBXVariantGroup;
			children = (
				FB9C0E0A2028E3B20055F3A4 /* Base */,
			);
			name = LaunchScreen.storyboard;
			sourceTree = "<group>";
		};
/* End PBXVariantGroup section */

/* Begin XCBuildConfiguration section */
		FB9C0E182028E3B20055F3A4 /* Debug */ = {
			isa = XCBuildConfiguration;
			buildSettings = {
				ALWAYS_SEARCH_USER_PATHS = NO;
				CLANG_ANALYZER_NONNULL = YES;
				CLANG_ANALYZER_NUMBER_OBJECT_CONVERSION = YES_AGGRESSIVE;
				CLANG_CXX_LANGUAGE_STANDARD = "gnu++14";
				CLANG_CXX_LIBRARY = "libc++";
				CLANG_ENABLE_MODULES = YES;
				CLANG_ENABLE_OBJC_ARC = YES;
				CLANG_WARN_BLOCK_CAPTURE_AUTORELEASING = YES;
				CLANG_WARN_BOOL_CONVERSION = YES;
				CLANG_WARN_COMMA = YES;
				CLANG_WARN_CONSTANT_CONVERSION = YES;
				CLANG_WARN_DIRECT_OBJC_ISA_USAGE = YES_ERROR;
				CLANG_WARN_DOCUMENTATION_COMMENTS = YES;
				CLANG_WARN_EMPTY_BODY = YES;
				CLANG_WARN_ENUM_CONVERSION = YES;
				CLANG_WARN_INFINITE_RECURSION = YES;
				CLANG_WARN_INT_CONVERSION = YES;
				CLANG_WARN_NON_LITERAL_NULL_CONVERSION = YES;
				CLANG_WARN_OBJC_LITERAL_CONVERSION = YES;
				CLANG_WARN_OBJC_ROOT_CLASS = YES_ERROR;
				CLANG_WARN_RANGE_LOOP_ANALYSIS = YES;
				CLANG_WARN_STRICT_PROTOTYPES = YES;
				CLANG_WARN_SUSPICIOUS_MOVE = YES;
				CLANG_WARN_UNGUARDED_AVAILABILITY = YES_AGGRESSIVE;
				CLANG_WARN_UNREACHABLE_CODE = YES;
				CLANG_WARN__DUPLICATE_METHOD_MATCH = YES;
				CODE_SIGN_IDENTITY = "iPhone Developer";
				COPY_PHASE_STRIP = NO;
				DEBUG_INFORMATION_FORMAT = dwarf;
				ENABLE_STRICT_OBJC_MSGSEND = YES;
				ENABLE_TESTABILITY = YES;
				GCC_C_LANGUAGE_STANDARD = gnu11;
				GCC_DYNAMIC_NO_PIC = NO;
				GCC_NO_COMMON_BLOCKS = YES;
				GCC_OPTIMIZATION_LEVEL = 0;
				GCC_PREPROCESSOR_DEFINITIONS = (
					"DEBUG=1",
					"$(inherited)",
				);
				GCC_WARN_64_TO_32_BIT_CONVERSION = YES;
				GCC_WARN_ABOUT_RETURN_TYPE = YES_ERROR;
				GCC_WARN_UNDECLARED_SELECTOR = YES;
				GCC_WARN_UNINITIALIZED_AUTOS = YES_AGGRESSIVE;
				GCC_WARN_UNUSED_FUNCTION = YES;
				GCC_WARN_UNUSED_VARIABLE = YES;
				IPHONEOS_DEPLOYMENT_TARGET = 11.2;
				MTL_ENABLE_DEBUG_INFO = YES;
				ONLY_ACTIVE_ARCH = YES;
				SDKROOT = iphoneos;
				SWIFT_ACTIVE_COMPILATION_CONDITIONS = DEBUG;
				SWIFT_OPTIMIZATION_LEVEL = "-Onone";
			};
			name = Debug;
		};
		FB9C0E192028E3B20055F3A4 /* Release */ = {
			isa = XCBuildConfiguration;
			buildSettings = {
				ALWAYS_SEARCH_USER_PATHS = NO;
				CLANG_ANALYZER_NONNULL = YES;
				CLANG_ANALYZER_NUMBER_OBJECT_CONVERSION = YES_AGGRESSIVE;
				CLANG_CXX_LANGUAGE_STANDARD = "gnu++14";
				CLANG_CXX_LIBRARY = "libc++";
				CLANG_ENABLE_MODULES = YES;
				CLANG_ENABLE_OBJC_ARC = YES;
				CLANG_WARN_BLOCK_CAPTURE_AUTORELEASING = YES;
				CLANG_WARN_BOOL_CONVERSION = YES;
				CLANG_WARN_COMMA = YES;
				CLANG_WARN_CONSTANT_CONVERSION = YES;
				CLANG_WARN_DIRECT_OBJC_ISA_USAGE = YES_ERROR;
				CLANG_WARN_DOCUMENTATION_COMMENTS = YES;
				CLANG_WARN_EMPTY_BODY = YES;
				CLANG_WARN_ENUM_CONVERSION = YES;
				CLANG_WARN_INFINITE_RECURSION = YES;
				CLANG_WARN_INT_CONVERSION = YES;
				CLANG_WARN_NON_LITERAL_NULL_CONVERSION = YES;
				CLANG_WARN_OBJC_LITERAL_CONVERSION = YES;
				CLANG_WARN_OBJC_ROOT_CLASS = YES_ERROR;
				CLANG_WARN_RANGE_LOOP_ANALYSIS = YES;
				CLANG_WARN_STRICT_PROTOTYPES = YES;
				CLANG_WARN_SUSPICIOUS_MOVE = YES;
				CLANG_WARN_UNGUARDED_AVAILABILITY = YES_AGGRESSIVE;
				CLANG_WARN_UNREACHABLE_CODE = YES;
				CLANG_WARN__DUPLICATE_METHOD_MATCH = YES;
				CODE_SIGN_IDENTITY = "iPhone Developer";
				COPY_PHASE_STRIP = NO;
				DEBUG_INFORMATION_FORMAT = "dwarf-with-dsym";
				ENABLE_NS_ASSERTIONS = NO;
				ENABLE_STRICT_OBJC_MSGSEND = YES;
				GCC_C_LANGUAGE_STANDARD = gnu11;
				GCC_NO_COMMON_BLOCKS = YES;
				GCC_WARN_64_TO_32_BIT_CONVERSION = YES;
				GCC_WARN_ABOUT_RETURN_TYPE = YES_ERROR;
				GCC_WARN_UNDECLARED_SELECTOR = YES;
				GCC_WARN_UNINITIALIZED_AUTOS = YES_AGGRESSIVE;
				GCC_WARN_UNUSED_FUNCTION = YES;
				GCC_WARN_UNUSED_VARIABLE = YES;
				IPHONEOS_DEPLOYMENT_TARGET = 11.2;
				MTL_ENABLE_DEBUG_INFO = NO;
				SDKROOT = iphoneos;
				SWIFT_OPTIMIZATION_LEVEL = "-Owholemodule";
				VALIDATE_PRODUCT = YES;
			};
			name = Release;
		};
		FB9C0E1B2028E3B20055F3A4 /* Debug */ = {
			isa = XCBuildConfiguration;
			buildSettings = {
				ASSETCATALOG_COMPILER_APPICON_NAME = AppIcon;
				CODE_SIGN_STYLE = Automatic;
				DEVELOPMENT_TEAM = 77VTG6B4RL;
				INFOPLIST_FILE = ToDo/Info.plist;
				LD_RUNPATH_SEARCH_PATHS = "$(inherited) @executable_path/Frameworks";
				PRODUCT_BUNDLE_IDENTIFIER = com.mmappsoft.App2.ToDo;
				PRODUCT_NAME = "$(TARGET_NAME)";
				SWIFT_VERSION = 4.0;
				TARGETED_DEVICE_FAMILY = "1,2";
			};
			name = Debug;
		};
		FB9C0E1C2028E3B20055F3A4 /* Release */ = {
			isa = XCBuildConfiguration;
			buildSettings = {
				ASSETCATALOG_COMPILER_APPICON_NAME = AppIcon;
				CODE_SIGN_STYLE = Automatic;
				DEVELOPMENT_TEAM = 77VTG6B4RL;
				INFOPLIST_FILE = ToDo/Info.plist;
				LD_RUNPATH_SEARCH_PATHS = "$(inherited) @executable_path/Frameworks";
				PRODUCT_BUNDLE_IDENTIFIER = com.mmappsoft.App2.ToDo;
				PRODUCT_NAME = "$(TARGET_NAME)";
				SWIFT_VERSION = 4.0;
				TARGETED_DEVICE_FAMILY = "1,2";
			};
			name = Release;
		};
		FB9C0E1E2028E3B20055F3A4 /* Debug */ = {
			isa = XCBuildConfiguration;
			buildSettings = {
				ALWAYS_EMBED_SWIFT_STANDARD_LIBRARIES = YES;
				BUNDLE_LOADER = "$(TEST_HOST)";
				CODE_SIGN_STYLE = Automatic;
				DEVELOPMENT_TEAM = 77VTG6B4RL;
				INFOPLIST_FILE = ToDoTests/Info.plist;
				LD_RUNPATH_SEARCH_PATHS = "$(inherited) @executable_path/Frameworks @loader_path/Frameworks";
				PRODUCT_BUNDLE_IDENTIFIER = com.mmappsoft.App2.ToDoTests;
				PRODUCT_NAME = "$(TARGET_NAME)";
				SWIFT_VERSION = 4.0;
				TARGETED_DEVICE_FAMILY = "1,2";
				TEST_HOST = "$(BUILT_PRODUCTS_DIR)/ToDo.app/ToDo";
			};
			name = Debug;
		};
		FB9C0E1F2028E3B20055F3A4 /* Release */ = {
			isa = XCBuildConfiguration;
			buildSettings = {
				ALWAYS_EMBED_SWIFT_STANDARD_LIBRARIES = YES;
				BUNDLE_LOADER = "$(TEST_HOST)";
				CODE_SIGN_STYLE = Automatic;
				DEVELOPMENT_TEAM = 77VTG6B4RL;
				INFOPLIST_FILE = ToDoTests/Info.plist;
				LD_RUNPATH_SEARCH_PATHS = "$(inherited) @executable_path/Frameworks @loader_path/Frameworks";
				PRODUCT_BUNDLE_IDENTIFIER = com.mmappsoft.App2.ToDoTests;
				PRODUCT_NAME = "$(TARGET_NAME)";
				SWIFT_VERSION = 4.0;
				TARGETED_DEVICE_FAMILY = "1,2";
				TEST_HOST = "$(BUILT_PRODUCTS_DIR)/ToDo.app/ToDo";
			};
			name = Release;
		};
/* End XCBuildConfiguration section */

/* Begin XCConfigurationList section */
		FB9C0DF82028E3B20055F3A4 /* Build configuration list for PBXProject "ToDo" */ = {
			isa = XCConfigurationList;
			buildConfigurations = (
				FB9C0E182028E3B20055F3A4 /* Debug */,
				FB9C0E192028E3B20055F3A4 /* Release */,
			);
			defaultConfigurationIsVisible = 0;
			defaultConfigurationName = Release;
		};
		FB9C0E1A2028E3B20055F3A4 /* Build configuration list for PBXNativeTarget "ToDo" */ = {
			isa = XCConfigurationList;
			buildConfigurations = (
				FB9C0E1B2028E3B20055F3A4 /* Debug */,
				FB9C0E1C2028E3B20055F3A4 /* Release */,
			);
			defaultConfigurationIsVisible = 0;
			defaultConfigurationName = Release;
		};
		FB9C0E1D2028E3B20055F3A4 /* Build configuration list for PBXNativeTarget "ToDoTests" */ = {
			isa = XCConfigurationList;
			buildConfigurations = (
				FB9C0E1E2028E3B20055F3A4 /* Debug */,
				FB9C0E1F2028E3B20055F3A4 /* Release */,
			);
			defaultConfigurationIsVisible = 0;
			defaultConfigurationName = Release;
		};
/* End XCConfigurationList section */
	};
	rootObject = FB9C0DF52028E3B20055F3A4 /* Project object */;
}
